{
  "name": "fastify-simple-error",
  "version": "1.0.0",
  "lockfileVersion": 1,
  "requires": true,
  "dependencies": {
    "fastify-error": {
      "version": "0.2.0",
      "resolved": "https://registry.npmjs.org/fastify-error/-/fastify-error-0.2.0.tgz",
      "integrity": "sha512-zabxsBatj59ROG0fhP36zNdc5Q1/eYeH9oSF9uvfrurZf8/JKfrJbMcIGrLpLWcf89rS6L91RHWm20A/X85hcA=="
    }
  }
}
